Microsoft Visual Studio Solution File, Format Version 12.00
# Visual Studio 15
VisualStudioVersion = 15.0.27130.2036
MinimumVisualStudioVersion = 10.0.40219.1
Project("{8BC9CEB8-8B4A-11D0-8D11-00A0C91BC942}") = "Pathplan", "lib\pathplan\Pathplan.vcxproj", "{BD347753-A09D-48B4-8752-F1D8D9CF235D}"
EndProject
Project("{8BC9CEB8-8B4A-11D0-8D11-00A0C91BC942}") = "cdt", "lib\cdt\cdt.vcxproj", "{83CF0498-7884-49D3-8B3C-263C5AF5FE1B}"
EndProject
Project("{8BC9CEB8-8B4A-11D0-8D11-00A0C91BC942}") = "gvc", "lib\gvc.vcxproj", "{15229511-9F6C-48A5-9194-660CA6492563}"
EndProject
Project("{8BC9CEB8-8B4A-11D0-8D11-00A0C91BC942}") = "cgraph", "lib\cgraph\cgraph.vcxproj", "{C0663A08-F276-4DD6-B17C-E501EE066F7C}"
EndProject
Project("{8BC9CEB8-8B4A-11D0-8D11-00A0C91BC942}") = "gvplugin_core", "plugin\core\gvplugin_core.vcxproj", "{AE706502-3203-4815-BF50-4D73BF96BA58}"
	ProjectSection(ProjectDependencies) = postProject
		{C99C1195-2032-408B-9822-F09F49006A3C} = {C99C1195-2032-408B-9822-F09F49006A3C}
	EndProjectSection
EndProject
Project("{8BC9CEB8-8B4A-11D0-8D11-00A0C91BC942}") = "gvplugin_dot_layout", "plugin\dot_layout\gvplugin_dot_layout.vcxproj", "{189E64E3-8A67-4477-8B18-3B174C03F6B9}"
EndProject
Project("{8BC9CEB8-8B4A-11D0-8D11-00A0C91BC942}") = "xdot", "lib\xdot\xdot.vcxproj", "{C99C1195-2032-408B-9822-F09F49006A3C}"
EndProject
Project("{8BC9CEB8-8B4A-11D0-8D11-00A0C91BC942}") = "dotgen", "lib\dotgen\gvdotgen.vcxproj", "{4B6103EF-590B-4916-92CB-D06934459928}"
EndProject
Global
	GlobalSection(SolutionConfigurationPlatforms) = preSolution
		Debug|x64 = Debug|x64
		Debug|x86 = Debug|x86
		Release|x64 = Release|x64
		Release|x86 = Release|x86
	EndGlobalSection
	GlobalSection(ProjectConfigurationPlatforms) = postSolution
		{BD347753-A09D-48B4-8752-F1D8D9CF235D}.Debug|x64.ActiveCfg = StaticDebug|x64
		{BD347753-A09D-48B4-8752-F1D8D9CF235D}.Debug|x64.Build.0 = StaticDebug|x64
		{BD347753-A09D-48B4-8752-F1D8D9CF235D}.Debug|x86.ActiveCfg = StaticDebug|Win32
		{BD347753-A09D-48B4-8752-F1D8D9CF235D}.Debug|x86.Build.0 = StaticDebug|Win32
		{BD347753-A09D-48B4-8752-F1D8D9CF235D}.Release|x64.ActiveCfg = StaticRelease|x64
		{BD347753-A09D-48B4-8752-F1D8D9CF235D}.Release|x64.Build.0 = StaticRelease|x64
		{BD347753-A09D-48B4-8752-F1D8D9CF235D}.Release|x86.ActiveCfg = StaticRelease|Win32
		{BD347753-A09D-48B4-8752-F1D8D9CF235D}.Release|x86.Build.0 = StaticRelease|Win32
		{83CF0498-7884-49D3-8B3C-263C5AF5FE1B}.Debug|x64.ActiveCfg = StaticDebug|x64
		{83CF0498-7884-49D3-8B3C-263C5AF5FE1B}.Debug|x64.Build.0 = StaticDebug|x64
		{83CF0498-7884-49D3-8B3C-263C5AF5FE1B}.Debug|x86.ActiveCfg = StaticDebug|Win32
		{83CF0498-7884-49D3-8B3C-263C5AF5FE1B}.Debug|x86.Build.0 = StaticDebug|Win32
		{83CF0498-7884-49D3-8B3C-263C5AF5FE1B}.Release|x64.ActiveCfg = StaticRelease|x64
		{83CF0498-7884-49D3-8B3C-263C5AF5FE1B}.Release|x64.Build.0 = StaticRelease|x64
		{83CF0498-7884-49D3-8B3C-263C5AF5FE1B}.Release|x86.ActiveCfg = StaticRelease|Win32
		{83CF0498-7884-49D3-8B3C-263C5AF5FE1B}.Release|x86.Build.0 = StaticRelease|Win32
		{15229511-9F6C-48A5-9194-660CA6492563}.Debug|x64.ActiveCfg = StaticDebug|x64
		{15229511-9F6C-48A5-9194-660CA6492563}.Debug|x64.Build.0 = StaticDebug|x64
		{15229511-9F6C-48A5-9194-660CA6492563}.Debug|x86.ActiveCfg = StaticDebug|Win32
		{15229511-9F6C-48A5-9194-660CA6492563}.Debug|x86.Build.0 = StaticDebug|Win32
		{15229511-9F6C-48A5-9194-660CA6492563}.Release|x64.ActiveCfg = StaticRelease|x64
		{15229511-9F6C-48A5-9194-660CA6492563}.Release|x64.Build.0 = StaticRelease|x64
		{15229511-9F6C-48A5-9194-660CA6492563}.Release|x86.ActiveCfg = StaticRelease|Win32
		{15229511-9F6C-48A5-9194-660CA6492563}.Release|x86.Build.0 = StaticRelease|Win32
		{C0663A08-F276-4DD6-B17C-E501EE066F7C}.Debug|x64.ActiveCfg = StaticDebug|x64
		{C0663A08-F276-4DD6-B17C-E501EE066F7C}.Debug|x64.Build.0 = StaticDebug|x64
		{C0663A08-F276-4DD6-B17C-E501EE066F7C}.Debug|x86.ActiveCfg = StaticDebug|Win32
		{C0663A08-F276-4DD6-B17C-E501EE066F7C}.Debug|x86.Build.0 = StaticDebug|Win32
		{C0663A08-F276-4DD6-B17C-E501EE066F7C}.Release|x64.ActiveCfg = StaticRelease|x64
		{C0663A08-F276-4DD6-B17C-E501EE066F7C}.Release|x64.Build.0 = StaticRelease|x64
		{C0663A08-F276-4DD6-B17C-E501EE066F7C}.Release|x86.ActiveCfg = StaticRelease|Win32
		{C0663A08-F276-4DD6-B17C-E501EE066F7C}.Release|x86.Build.0 = StaticRelease|Win32
		{AE706502-3203-4815-BF50-4D73BF96BA58}.Debug|x64.ActiveCfg = StaticDebug|x64
		{AE706502-3203-4815-BF50-4D73BF96BA58}.Debug|x64.Build.0 = StaticDebug|x64
		{AE706502-3203-4815-BF50-4D73BF96BA58}.Debug|x86.ActiveCfg = StaticDebug|Win32
		{AE706502-3203-4815-BF50-4D73BF96BA58}.Debug|x86.Build.0 = StaticDebug|Win32
		{AE706502-3203-4815-BF50-4D73BF96BA58}.Release|x64.ActiveCfg = StaticRelease|x64
		{AE706502-3203-4815-BF50-4D73BF96BA58}.Release|x64.Build.0 = StaticRelease|x64
		{AE706502-3203-4815-BF50-4D73BF96BA58}.Release|x86.ActiveCfg = StaticRelease|Win32
		{AE706502-3203-4815-BF50-4D73BF96BA58}.Release|x86.Build.0 = StaticRelease|Win32
		{189E64E3-8A67-4477-8B18-3B174C03F6B9}.Debug|x64.ActiveCfg = StaticDebug|x64
		{189E64E3-8A67-4477-8B18-3B174C03F6B9}.Debug|x64.Build.0 = StaticDebug|x64
		{189E64E3-8A67-4477-8B18-3B174C03F6B9}.Debug|x86.ActiveCfg = StaticDebug|Win32
		{189E64E3-8A67-4477-8B18-3B174C03F6B9}.Debug|x86.Build.0 = StaticDebug|Win32
		{189E64E3-8A67-4477-8B18-3B174C03F6B9}.Release|x64.ActiveCfg = StaticRelease|x64
		{189E64E3-8A67-4477-8B18-3B174C03F6B9}.Release|x64.Build.0 = StaticRelease|x64
		{189E64E3-8A67-4477-8B18-3B174C03F6B9}.Release|x86.ActiveCfg = StaticRelease|Win32
		{189E64E3-8A67-4477-8B18-3B174C03F6B9}.Release|x86.Build.0 = StaticRelease|Win32
		{C99C1195-2032-408B-9822-F09F49006A3C}.Debug|x64.ActiveCfg = StaticDebug|x64
		{C99C1195-2032-408B-9822-F09F49006A3C}.Debug|x64.Build.0 = StaticDebug|x64
		{C99C1195-2032-408B-9822-F09F49006A3C}.Debug|x86.ActiveCfg = StaticDebug|Win32
		{C99C1195-2032-408B-9822-F09F49006A3C}.Debug|x86.Build.0 = StaticDebug|Win32
		{C99C1195-2032-408B-9822-F09F49006A3C}.Release|x64.ActiveCfg = StaticRelease|x64
		{C99C1195-2032-408B-9822-F09F49006A3C}.Release|x64.Build.0 = StaticRelease|x64
		{C99C1195-2032-408B-9822-F09F49006A3C}.Release|x86.ActiveCfg = StaticRelease|Win32
		{C99C1195-2032-408B-9822-F09F49006A3C}.Release|x86.Build.0 = StaticRelease|Win32
		{4B6103EF-590B-4916-92CB-D06934459928}.Debug|x64.ActiveCfg = StaticDebug|x64
		{4B6103EF-590B-4916-92CB-D06934459928}.Debug|x64.Build.0 = StaticDebug|x64
		{4B6103EF-590B-4916-92CB-D06934459928}.Debug|x86.ActiveCfg = StaticDebug|Win32
		{4B6103EF-590B-4916-92CB-D06934459928}.Debug|x86.Build.0 = StaticDebug|Win32
		{4B6103EF-590B-4916-92CB-D06934459928}.Release|x64.ActiveCfg = StaticRelease|x64
		{4B6103EF-590B-4916-92CB-D06934459928}.Release|x64.Build.0 = StaticRelease|x64
		{4B6103EF-590B-4916-92CB-D06934459928}.Release|x86.ActiveCfg = StaticRelease|Win32
		{4B6103EF-590B-4916-92CB-D06934459928}.Release|x86.Build.0 = StaticRelease|Win32
	EndGlobalSection
	GlobalSection(SolutionProperties) = preSolution
		HideSolutionNode = FALSE
	EndGlobalSection
	GlobalSection(ExtensibilityGlobals) = postSolution
		SolutionGuid = {DA8BD4EF-87BF-46B6-B01E-E2BA8F88595F}
	EndGlobalSection
EndGlobal
